<?xml version="1.0" encoding="utf-8"?>
<Project ToolsVersion="4.0" xmlns="http://schemas.microsoft.com/developer/msbuild/2003">
  <ItemGroup>
    <Filter Include="Source Files">
      <UniqueIdentifier>{4FC737F1-C7A5-4376-A066-2A32D752A2FF}</UniqueIdentifier>
      <Extensions>cpp;c;cc;cxx;def;odl;idl;hpj;bat;asm;asmx</Extensions>
    </Filter>
    <Filter Include="Header Files">
      <UniqueIdentifier>{93995380-89BD-4b04-88EB-625FBE52EBFB}</UniqueIdentifier>
      <Extensions>h;hpp;hxx;hm;inl;inc;xsd</Extensions>
    </Filter>
    <Filter Include="Resource Files">
      <UniqueIdentifier>{67DA6AB6-F800-4c08-8B7A-83BB121AAD01}</UniqueIdentifier>
      <Extensions>rc;ico;cur;bmp;dlg;rc2;rct;bin;rgs;gif;jpg;jpeg;jpe;resx;tiff;tif;png;wav</Extensions>
    </Filter>
  </ItemGroup>
  <ItemGroup>
    <ClCompile Include=".\api\tesseractmain.cpp">
      <Filter>Source Files</Filter>
    </ClCompile>
  </ItemGroup>
  <ItemGroup>
    <ClInclude Include="resource.h">
      <Filter>Header Files</Filter>
    </ClInclude>
    <ClInclude Include=".\api\tesseractmain.h">
      <Filter>Header Files</Filter>
    </ClInclude>
    <ClInclude Include="opencv\include\opencv\cv.h">
      <Filter>Header Files</Filter>
    </ClInclude>
    <ClInclude Include="opencv\include\opencv\cv.hpp">
      <Filter>Header Files</Filter>
    </ClInclude>
    <ClInclude Include="opencv\include\opencv\cvaux.h">
      <Filter>Header Files</Filter>
    </ClInclude>
    <ClInclude Include="opencv\include\opencv\cvaux.hpp">
      <Filter>Header Files</Filter>
    </ClInclude>
    <ClInclude Include="opencv\include\opencv\cvwimage.h">
      <Filter>Header Files</Filter>
    </ClInclude>
    <ClInclude Include="opencv\include\opencv\cxcore.h">
      <Filter>Header Files</Filter>
    </ClInclude>
    <ClInclude Include="opencv\include\opencv\cxcore.hpp">
      <Filter>Header Files</Filter>
    </ClInclude>
    <ClInclude Include="opencv\include\opencv\cxeigen.hpp">
      <Filter>Header Files</Filter>
    </ClInclude>
    <ClInclude Include="opencv\include\opencv\cxmisc.h">
      <Filter>Header Files</Filter>
    </ClInclude>
    <ClInclude Include="opencv\include\opencv\highgui.h">
      <Filter>Header Files</Filter>
    </ClInclude>
    <ClInclude Include="opencv\include\opencv\ml.h">
      <Filter>Header Files</Filter>
    </ClInclude>
    <ClInclude Include="opencv\include\opencv2\calib3d\calib3d.hpp">
      <Filter>Header Files</Filter>
    </ClInclude>
    <ClInclude Include="opencv\include\opencv2\calib3d\calib3d_c.h">
      <Filter>Header Files</Filter>
    </ClInclude>
    <ClInclude Include="opencv\include\opencv2\core\cuda\detail\color_detail.hpp">
      <Filter>Header Files</Filter>
    </ClInclude>
    <ClInclude Include="opencv\include\opencv2\core\cuda\detail\reduce.hpp">
      <Filter>Header Files</Filter>
    </ClInclude>
    <ClInclude Include="opencv\include\opencv2\core\cuda\detail\reduce_key_val.hpp">
      <Filter>Header Files</Filter>
    </ClInclude>
    <ClInclude Include="opencv\include\opencv2\core\cuda\detail\transform_detail.hpp">
      <Filter>Header Files</Filter>
    </ClInclude>
    <ClInclude Include="opencv\include\opencv2\core\cuda\detail\type_traits_detail.hpp">
      <Filter>Header Files</Filter>
    </ClInclude>
    <ClInclude Include="opencv\include\opencv2\core\cuda\detail\vec_distance_detail.hpp">
      <Filter>Header Files</Filter>
    </ClInclude>
    <ClInclude Include="opencv\include\opencv2\core\cuda\block.hpp">
      <Filter>Header Files</Filter>
    </ClInclude>
    <ClInclude Include="opencv\include\opencv2\core\cuda\border_interpolate.hpp">
      <Filter>Header Files</Filter>
    </ClInclude>
    <ClInclude Include="opencv\include\opencv2\core\cuda\color.hpp">
      <Filter>Header Files</Filter>
    </ClInclude>
    <ClInclude Include="opencv\include\opencv2\core\cuda\common.hpp">
      <Filter>Header Files</Filter>
    </ClInclude>
    <ClInclude Include="opencv\include\opencv2\core\cuda\datamov_utils.hpp">
      <Filter>Header Files</Filter>
    </ClInclude>
    <ClInclude Include="opencv\include\opencv2\core\cuda\dynamic_smem.hpp">
      <Filter>Header Files</Filter>
    </ClInclude>
    <ClInclude Include="opencv\include\opencv2\core\cuda\emulation.hpp">
      <Filter>Header Files</Filter>
    </ClInclude>
    <ClInclude Include="opencv\include\opencv2\core\cuda\filters.hpp">
      <Filter>Header Files</Filter>
    </ClInclude>
    <ClInclude Include="opencv\include\opencv2\core\cuda\funcattrib.hpp">
      <Filter>Header Files</Filter>
    </ClInclude>
    <ClInclude Include="opencv\include\opencv2\core\cuda\functional.hpp">
      <Filter>Header Files</Filter>
    </ClInclude>
    <ClInclude Include="opencv\include\opencv2\core\cuda\limits.hpp">
      <Filter>Header Files</Filter>
    </ClInclude>
    <ClInclude Include="opencv\include\opencv2\core\cuda\reduce.hpp">
      <Filter>Header Files</Filter>
    </ClInclude>
    <ClInclude Include="opencv\include\opencv2\core\cuda\saturate_cast.hpp">
      <Filter>Header Files</Filter>
    </ClInclude>
    <ClInclude Include="opencv\include\opencv2\core\cuda\scan.hpp">
      <Filter>Header Files</Filter>
    </ClInclude>
    <ClInclude Include="opencv\include\opencv2\core\cuda\simd_functions.hpp">
      <Filter>Header Files</Filter>
    </ClInclude>
    <ClInclude Include="opencv\include\opencv2\core\cuda\transform.hpp">
      <Filter>Header Files</Filter>
    </ClInclude>
    <ClInclude Include="opencv\include\opencv2\core\cuda\type_traits.hpp">
      <Filter>Header Files</Filter>
    </ClInclude>
    <ClInclude Include="opencv\include\opencv2\core\cuda\utility.hpp">
      <Filter>Header Files</Filter>
    </ClInclude>
    <ClInclude Include="opencv\include\opencv2\core\cuda\vec_distance.hpp">
      <Filter>Header Files</Filter>
    </ClInclude>
    <ClInclude Include="opencv\include\opencv2\core\cuda\vec_math.hpp">
      <Filter>Header Files</Filter>
    </ClInclude>
    <ClInclude Include="opencv\include\opencv2\core\cuda\vec_traits.hpp">
      <Filter>Header Files</Filter>
    </ClInclude>
    <ClInclude Include="opencv\include\opencv2\core\cuda\warp.hpp">
      <Filter>Header Files</Filter>
    </ClInclude>
    <ClInclude Include="opencv\include\opencv2\core\cuda\warp_reduce.hpp">
      <Filter>Header Files</Filter>
    </ClInclude>
    <ClInclude Include="opencv\include\opencv2\core\cuda\warp_shuffle.hpp">
      <Filter>Header Files</Filter>
    </ClInclude>
    <ClInclude Include="opencv\include\opencv2\core\affine.hpp">
      <Filter>Header Files</Filter>
    </ClInclude>
    <ClInclude Include="opencv\include\opencv2\core\base.hpp">
      <Filter>Header Files</Filter>
    </ClInclude>
    <ClInclude Include="opencv\include\opencv2\core\bufferpool.hpp">
      <Filter>Header Files</Filter>
    </ClInclude>
    <ClInclude Include="opencv\include\opencv2\core\core.hpp">
      <Filter>Header Files</Filter>
    </ClInclude>
    <ClInclude Include="opencv\include\opencv2\core\core_c.h">
      <Filter>Header Files</Filter>
    </ClInclude>
    <ClInclude Include="opencv\include\opencv2\core\cuda.hpp">
      <Filter>Header Files</Filter>
    </ClInclude>
    <ClInclude Include="opencv\include\opencv2\core\cuda.inl.hpp">
      <Filter>Header Files</Filter>
    </ClInclude>
    <ClInclude Include="opencv\include\opencv2\core\cuda_stream_accessor.hpp">
      <Filter>Header Files</Filter>
    </ClInclude>
    <ClInclude Include="opencv\include\opencv2\core\cuda_types.hpp">
      <Filter>Header Files</Filter>
    </ClInclude>
    <ClInclude Include="opencv\include\opencv2\core\cvdef.h">
      <Filter>Header Files</Filter>
    </ClInclude>
    <ClInclude Include="opencv\include\opencv2\core\cvstd.hpp">
      <Filter>Header Files</Filter>
    </ClInclude>
    <ClInclude Include="opencv\include\opencv2\core\cvstd.inl.hpp">
      <Filter>Header Files</Filter>
    </ClInclude>
    <ClInclude Include="opencv\include\opencv2\core\directx.hpp">
      <Filter>Header Files</Filter>
    </ClInclude>
    <ClInclude Include="opencv\include\opencv2\core\eigen.hpp">
      <Filter>Header Files</Filter>
    </ClInclude>
    <ClInclude Include="opencv\include\opencv2\core\ippasync.hpp">
      <Filter>Header Files</Filter>
    </ClInclude>
    <ClInclude Include="opencv\include\opencv2\core\mat.hpp">
      <Filter>Header Files</Filter>
    </ClInclude>
    <ClInclude Include="opencv\include\opencv2\core\mat.inl.hpp">
      <Filter>Header Files</Filter>
    </ClInclude>
    <ClInclude Include="opencv\include\opencv2\core\matx.hpp">
      <Filter>Header Files</Filter>
    </ClInclude>
    <ClInclude Include="opencv\include\opencv2\core\ocl.hpp">
      <Filter>Header Files</Filter>
    </ClInclude>
    <ClInclude Include="opencv\include\opencv2\core\ocl_genbase.hpp">
      <Filter>Header Files</Filter>
    </ClInclude>
    <ClInclude Include="opencv\include\opencv2\core\opengl.hpp">
      <Filter>Header Files</Filter>
    </ClInclude>
    <ClInclude Include="opencv\include\opencv2\core\operations.hpp">
      <Filter>Header Files</Filter>
    </ClInclude>
    <ClInclude Include="opencv\include\opencv2\core\optim.hpp">
      <Filter>Header Files</Filter>
    </ClInclude>
    <ClInclude Include="opencv\include\opencv2\core\persistence.hpp">
      <Filter>Header Files</Filter>
    </ClInclude>
    <ClInclude Include="opencv\include\opencv2\core\private.cuda.hpp">
      <Filter>Header Files</Filter>
    </ClInclude>
    <ClInclude Include="opencv\include\opencv2\core\private.hpp">
      <Filter>Header Files</Filter>
    </ClInclude>
    <ClInclude Include="opencv\include\opencv2\core\ptr.inl.hpp">
      <Filter>Header Files</Filter>
    </ClInclude>
    <ClInclude Include="opencv\include\opencv2\core\sse_utils.hpp">
      <Filter>Header Files</Filter>
    </ClInclude>
    <ClInclude Include="opencv\include\opencv2\core\traits.hpp">
      <Filter>Header Files</Filter>
    </ClInclude>
    <ClInclude Include="opencv\include\opencv2\core\types.hpp">
      <Filter>Header Files</Filter>
    </ClInclude>
    <ClInclude Include="opencv\include\opencv2\core\types_c.h">
      <Filter>Header Files</Filter>
    </ClInclude>
    <ClInclude Include="opencv\include\opencv2\core\utility.hpp">
      <Filter>Header Files</Filter>
    </ClInclude>
    <ClInclude Include="opencv\include\opencv2\core\version.hpp">
      <Filter>Header Files</Filter>
    </ClInclude>
    <ClInclude Include="opencv\include\opencv2\core\wimage.hpp">
      <Filter>Header Files</Filter>
    </ClInclude>
    <ClInclude Include="opencv\include\opencv2\features2d\features2d.hpp">
      <Filter>Header Files</Filter>
    </ClInclude>
    <ClInclude Include="opencv\include\opencv2\flann\all_indices.h">
      <Filter>Header Files</Filter>
    </ClInclude>
    <ClInclude Include="opencv\include\opencv2\flann\allocator.h">
      <Filter>Header Files</Filter>
    </ClInclude>
    <ClInclude Include="opencv\include\opencv2\flann\any.h">
      <Filter>Header Files</Filter>
    </ClInclude>
    <ClInclude Include="opencv\include\opencv2\flann\autotuned_index.h">
      <Filter>Header Files</Filter>
    </ClInclude>
    <ClInclude Include="opencv\include\opencv2\flann\composite_index.h">
      <Filter>Header Files</Filter>
    </ClInclude>
    <ClInclude Include="opencv\include\opencv2\flann\config.h">
      <Filter>Header Files</Filter>
    </ClInclude>
    <ClInclude Include="opencv\include\opencv2\flann\defines.h">
      <Filter>Header Files</Filter>
    </ClInclude>
    <ClInclude Include="opencv\include\opencv2\flann\dist.h">
      <Filter>Header Files</Filter>
    </ClInclude>
    <ClInclude Include="opencv\include\opencv2\flann\dummy.h">
      <Filter>Header Files</Filter>
    </ClInclude>
    <ClInclude Include="opencv\include\opencv2\flann\dynamic_bitset.h">
      <Filter>Header Files</Filter>
    </ClInclude>
    <ClInclude Include="opencv\include\opencv2\flann\flann.hpp">
      <Filter>Header Files</Filter>
    </ClInclude>
    <ClInclude Include="opencv\include\opencv2\flann\flann_base.hpp">
      <Filter>Header Files</Filter>
    </ClInclude>
    <ClInclude Include="opencv\include\opencv2\flann\general.h">
      <Filter>Header Files</Filter>
    </ClInclude>
    <ClInclude Include="opencv\include\opencv2\flann\ground_truth.h">
      <Filter>Header Files</Filter>
    </ClInclude>
    <ClInclude Include="opencv\include\opencv2\flann\hdf5.h">
      <Filter>Header Files</Filter>
    </ClInclude>
    <ClInclude Include="opencv\include\opencv2\flann\heap.h">
      <Filter>Header Files</Filter>
    </ClInclude>
    <ClInclude Include="opencv\include\opencv2\flann\hierarchical_clustering_index.h">
      <Filter>Header Files</Filter>
    </ClInclude>
    <ClInclude Include="opencv\include\opencv2\flann\index_testing.h">
      <Filter>Header Files</Filter>
    </ClInclude>
    <ClInclude Include="opencv\include\opencv2\flann\kdtree_index.h">
      <Filter>Header Files</Filter>
    </ClInclude>
    <ClInclude Include="opencv\include\opencv2\flann\kdtree_single_index.h">
      <Filter>Header Files</Filter>
    </ClInclude>
    <ClInclude Include="opencv\include\opencv2\flann\kmeans_index.h">
      <Filter>Header Files</Filter>
    </ClInclude>
    <ClInclude Include="opencv\include\opencv2\flann\linear_index.h">
      <Filter>Header Files</Filter>
    </ClInclude>
    <ClInclude Include="opencv\include\opencv2\flann\logger.h">
      <Filter>Header Files</Filter>
    </ClInclude>
    <ClInclude Include="opencv\include\opencv2\flann\lsh_index.h">
      <Filter>Header Files</Filter>
    </ClInclude>
    <ClInclude Include="opencv\include\opencv2\flann\lsh_table.h">
      <Filter>Header Files</Filter>
    </ClInclude>
    <ClInclude Include="opencv\include\opencv2\flann\matrix.h">
      <Filter>Header Files</Filter>
    </ClInclude>
    <ClInclude Include="opencv\include\opencv2\flann\miniflann.hpp">
      <Filter>Header Files</Filter>
    </ClInclude>
    <ClInclude Include="opencv\include\opencv2\flann\nn_index.h">
      <Filter>Header Files</Filter>
    </ClInclude>
    <ClInclude Include="opencv\include\opencv2\flann\object_factory.h">
      <Filter>Header Files</Filter>
    </ClInclude>
    <ClInclude Include="opencv\include\opencv2\flann\params.h">
      <Filter>Header Files</Filter>
    </ClInclude>
    <ClInclude Include="opencv\include\opencv2\flann\random.h">
      <Filter>Header Files</Filter>
    </ClInclude>
    <ClInclude Include="opencv\include\opencv2\flann\result_set.h">
      <Filter>Header Files</Filter>
    </ClInclude>
    <ClInclude Include="opencv\include\opencv2\flann\sampling.h">
      <Filter>Header Files</Filter>
    </ClInclude>
    <ClInclude Include="opencv\include\opencv2\flann\saving.h">
      <Filter>Header Files</Filter>
    </ClInclude>
    <ClInclude Include="opencv\include\opencv2\flann\simplex_downhill.h">
      <Filter>Header Files</Filter>
    </ClInclude>
    <ClInclude Include="opencv\include\opencv2\flann\timer.h">
      <Filter>Header Files</Filter>
    </ClInclude>
    <ClInclude Include="opencv\include\opencv2\hal\defs.h">
      <Filter>Header Files</Filter>
    </ClInclude>
    <ClInclude Include="opencv\include\opencv2\hal\intrin.hpp">
      <Filter>Header Files</Filter>
    </ClInclude>
    <ClInclude Include="opencv\include\opencv2\hal\intrin_cpp.hpp">
      <Filter>Header Files</Filter>
    </ClInclude>
    <ClInclude Include="opencv\include\opencv2\hal\intrin_neon.hpp">
      <Filter>Header Files</Filter>
    </ClInclude>
    <ClInclude Include="opencv\include\opencv2\hal\intrin_sse.hpp">
      <Filter>Header Files</Filter>
    </ClInclude>
    <ClInclude Include="opencv\include\opencv2\highgui\highgui.hpp">
      <Filter>Header Files</Filter>
    </ClInclude>
    <ClInclude Include="opencv\include\opencv2\highgui\highgui_c.h">
      <Filter>Header Files</Filter>
    </ClInclude>
    <ClInclude Include="opencv\include\opencv2\imgcodecs\imgcodecs.hpp">
      <Filter>Header Files</Filter>
    </ClInclude>
    <ClInclude Include="opencv\include\opencv2\imgcodecs\imgcodecs_c.h">
      <Filter>Header Files</Filter>
    </ClInclude>
    <ClInclude Include="opencv\include\opencv2\imgcodecs\ios.h">
      <Filter>Header Files</Filter>
    </ClInclude>
    <ClInclude Include="opencv\include\opencv2\imgproc\imgproc.hpp">
      <Filter>Header Files</Filter>
    </ClInclude>
    <ClInclude Include="opencv\include\opencv2\imgproc\imgproc_c.h">
      <Filter>Header Files</Filter>
    </ClInclude>
    <ClInclude Include="opencv\include\opencv2\imgproc\types_c.h">
      <Filter>Header Files</Filter>
    </ClInclude>
    <ClInclude Include="opencv\include\opencv2\ml\ml.hpp">
      <Filter>Header Files</Filter>
    </ClInclude>
    <ClInclude Include="opencv\include\opencv2\objdetect\detection_based_tracker.hpp">
      <Filter>Header Files</Filter>
    </ClInclude>
    <ClInclude Include="opencv\include\opencv2\objdetect\objdetect.hpp">
      <Filter>Header Files</Filter>
    </ClInclude>
    <ClInclude Include="opencv\include\opencv2\objdetect\objdetect_c.h">
      <Filter>Header Files</Filter>
    </ClInclude>
    <ClInclude Include="opencv\include\opencv2\photo\cuda.hpp">
      <Filter>Header Files</Filter>
    </ClInclude>
    <ClInclude Include="opencv\include\opencv2\photo\photo.hpp">
      <Filter>Header Files</Filter>
    </ClInclude>
    <ClInclude Include="opencv\include\opencv2\photo\photo_c.h">
      <Filter>Header Files</Filter>
    </ClInclude>
    <ClInclude Include="opencv\include\opencv2\shape\emdL1.hpp">
      <Filter>Header Files</Filter>
    </ClInclude>
    <ClInclude Include="opencv\include\opencv2\shape\hist_cost.hpp">
      <Filter>Header Files</Filter>
    </ClInclude>
    <ClInclude Include="opencv\include\opencv2\shape\shape.hpp">
      <Filter>Header Files</Filter>
    </ClInclude>
    <ClInclude Include="opencv\include\opencv2\shape\shape_distance.hpp">
      <Filter>Header Files</Filter>
    </ClInclude>
    <ClInclude Include="opencv\include\opencv2\shape\shape_transformer.hpp">
      <Filter>Header Files</Filter>
    </ClInclude>
    <ClInclude Include="opencv\include\opencv2\stitching\detail\autocalib.hpp">
      <Filter>Header Files</Filter>
    </ClInclude>
    <ClInclude Include="opencv\include\opencv2\stitching\detail\blenders.hpp">
      <Filter>Header Files</Filter>
    </ClInclude>
    <ClInclude Include="opencv\include\opencv2\stitching\detail\camera.hpp">
      <Filter>Header Files</Filter>
    </ClInclude>
    <ClInclude Include="opencv\include\opencv2\stitching\detail\exposure_compensate.hpp">
      <Filter>Header Files</Filter>
    </ClInclude>
    <ClInclude Include="opencv\include\opencv2\stitching\detail\matchers.hpp">
      <Filter>Header Files</Filter>
    </ClInclude>
    <ClInclude Include="opencv\include\opencv2\stitching\detail\motion_estimators.hpp">
      <Filter>Header Files</Filter>
    </ClInclude>
    <ClInclude Include="opencv\include\opencv2\stitching\detail\seam_finders.hpp">
      <Filter>Header Files</Filter>
    </ClInclude>
    <ClInclude Include="opencv\include\opencv2\stitching\detail\timelapsers.hpp">
      <Filter>Header Files</Filter>
    </ClInclude>
    <ClInclude Include="opencv\include\opencv2\stitching\detail\util.hpp">
      <Filter>Header Files</Filter>
    </ClInclude>
    <ClInclude Include="opencv\include\opencv2\stitching\detail\util_inl.hpp">
      <Filter>Header Files</Filter>
    </ClInclude>
    <ClInclude Include="opencv\include\opencv2\stitching\detail\warpers.hpp">
      <Filter>Header Files</Filter>
    </ClInclude>
    <ClInclude Include="opencv\include\opencv2\stitching\detail\warpers_inl.hpp">
      <Filter>Header Files</Filter>
    </ClInclude>
    <ClInclude Include="opencv\include\opencv2\stitching\warpers.hpp">
      <Filter>Header Files</Filter>
    </ClInclude>
    <ClInclude Include="opencv\include\opencv2\superres\optical_flow.hpp">
      <Filter>Header Files</Filter>
    </ClInclude>
    <ClInclude Include="opencv\include\opencv2\ts\cuda_perf.hpp">
      <Filter>Header Files</Filter>
    </ClInclude>
    <ClInclude Include="opencv\include\opencv2\ts\cuda_test.hpp">
      <Filter>Header Files</Filter>
    </ClInclude>
    <ClInclude Include="opencv\include\opencv2\ts\ocl_perf.hpp">
      <Filter>Header Files</Filter>
    </ClInclude>
    <ClInclude Include="opencv\include\opencv2\ts\ocl_test.hpp">
      <Filter>Header Files</Filter>
    </ClInclude>
    <ClInclude Include="opencv\include\opencv2\ts\ts_ext.hpp">
      <Filter>Header Files</Filter>
    </ClInclude>
    <ClInclude Include="opencv\include\opencv2\ts\ts_gtest.h">
      <Filter>Header Files</Filter>
    </ClInclude>
    <ClInclude Include="opencv\include\opencv2\ts\ts_perf.hpp">
      <Filter>Header Files</Filter>
    </ClInclude>
    <ClInclude Include="opencv\include\opencv2\video\background_segm.hpp">
      <Filter>Header Files</Filter>
    </ClInclude>
    <ClInclude Include="opencv\include\opencv2\video\tracking.hpp">
      <Filter>Header Files</Filter>
    </ClInclude>
    <ClInclude Include="opencv\include\opencv2\video\tracking_c.h">
      <Filter>Header Files</Filter>
    </ClInclude>
    <ClInclude Include="opencv\include\opencv2\video\video.hpp">
      <Filter>Header Files</Filter>
    </ClInclude>
    <ClInclude Include="opencv\include\opencv2\videoio\cap_ios.h">
      <Filter>Header Files</Filter>
    </ClInclude>
    <ClInclude Include="opencv\include\opencv2\videoio\videoio.hpp">
      <Filter>Header Files</Filter>
    </ClInclude>
    <ClInclude Include="opencv\include\opencv2\videoio\videoio_c.h">
      <Filter>Header Files</Filter>
    </ClInclude>
    <ClInclude Include="opencv\include\opencv2\videostab\deblurring.hpp">
      <Filter>Header Files</Filter>
    </ClInclude>
    <ClInclude Include="opencv\include\opencv2\videostab\fast_marching.hpp">
      <Filter>Header Files</Filter>
    </ClInclude>
    <ClInclude Include="opencv\include\opencv2\videostab\fast_marching_inl.hpp">
      <Filter>Header Files</Filter>
    </ClInclude>
    <ClInclude Include="opencv\include\opencv2\videostab\frame_source.hpp">
      <Filter>Header Files</Filter>
    </ClInclude>
    <ClInclude Include="opencv\include\opencv2\videostab\global_motion.hpp">
      <Filter>Header Files</Filter>
    </ClInclude>
    <ClInclude Include="opencv\include\opencv2\videostab\inpainting.hpp">
      <Filter>Header Files</Filter>
    </ClInclude>
    <ClInclude Include="opencv\include\opencv2\videostab\log.hpp">
      <Filter>Header Files</Filter>
    </ClInclude>
    <ClInclude Include="opencv\include\opencv2\videostab\motion_core.hpp">
      <Filter>Header Files</Filter>
    </ClInclude>
    <ClInclude Include="opencv\include\opencv2\videostab\motion_stabilizing.hpp">
      <Filter>Header Files</Filter>
    </ClInclude>
    <ClInclude Include="opencv\include\opencv2\videostab\optical_flow.hpp">
      <Filter>Header Files</Filter>
    </ClInclude>
    <ClInclude Include="opencv\include\opencv2\videostab\outlier_rejection.hpp">
      <Filter>Header Files</Filter>
    </ClInclude>
    <ClInclude Include="opencv\include\opencv2\videostab\ring_buffer.hpp">
      <Filter>Header Files</Filter>
    </ClInclude>
    <ClInclude Include="opencv\include\opencv2\videostab\stabilizer.hpp">
      <Filter>Header Files</Filter>
    </ClInclude>
    <ClInclude Include="opencv\include\opencv2\videostab\wobble_suppression.hpp">
      <Filter>Header Files</Filter>
    </ClInclude>
    <ClInclude Include="opencv\include\opencv2\calib3d.hpp">
      <Filter>Header Files</Filter>
    </ClInclude>
    <ClInclude Include="opencv\include\opencv2\core.hpp">
      <Filter>Header Files</Filter>
    </ClInclude>
    <ClInclude Include="opencv\include\opencv2\features2d.hpp">
      <Filter>Header Files</Filter>
    </ClInclude>
    <ClInclude Include="opencv\include\opencv2\flann.hpp">
      <Filter>Header Files</Filter>
    </ClInclude>
    <ClInclude Include="opencv\include\opencv2\hal.hpp">
      <Filter>Header Files</Filter>
    </ClInclude>
    <ClInclude Include="opencv\include\opencv2\highgui.hpp">
      <Filter>Header Files</Filter>
    </ClInclude>
    <ClInclude Include="opencv\include\opencv2\imgcodecs.hpp">
      <Filter>Header Files</Filter>
    </ClInclude>
    <ClInclude Include="opencv\include\opencv2\imgproc.hpp">
      <Filter>Header Files</Filter>
    </ClInclude>
    <ClInclude Include="opencv\include\opencv2\ml.hpp">
      <Filter>Header Files</Filter>
    </ClInclude>
    <ClInclude Include="opencv\include\opencv2\objdetect.hpp">
      <Filter>Header Files</Filter>
    </ClInclude>
    <ClInclude Include="opencv\include\opencv2\opencv.hpp">
      <Filter>Header Files</Filter>
    </ClInclude>
    <ClInclude Include="opencv\include\opencv2\opencv_modules.hpp">
      <Filter>Header Files</Filter>
    </ClInclude>
    <ClInclude Include="opencv\include\opencv2\photo.hpp">
      <Filter>Header Files</Filter>
    </ClInclude>
    <ClInclude Include="opencv\include\opencv2\shape.hpp">
      <Filter>Header Files</Filter>
    </ClInclude>
    <ClInclude Include="opencv\include\opencv2\stitching.hpp">
      <Filter>Header Files</Filter>
    </ClInclude>
    <ClInclude Include="opencv\include\opencv2\superres.hpp">
      <Filter>Header Files</Filter>
    </ClInclude>
    <ClInclude Include="opencv\include\opencv2\ts.hpp">
      <Filter>Header Files</Filter>
    </ClInclude>
    <ClInclude Include="opencv\include\opencv2\video.hpp">
      <Filter>Header Files</Filter>
    </ClInclude>
    <ClInclude Include="opencv\include\opencv2\videoio.hpp">
      <Filter>Header Files</Filter>
    </ClInclude>
    <ClInclude Include="opencv\include\opencv2\videostab.hpp">
      <Filter>Header Files</Filter>
    </ClInclude>
    <ClInclude Include="opencv\include\opencv2\world.hpp">
      <Filter>Header Files</Filter>
    </ClInclude>
  </ItemGroup>
  <ItemGroup>
    <ResourceCompile Include="tesseract.rc">
      <Filter>Resource Files</Filter>
    </ResourceCompile>
  </ItemGroup>
</Project>